
Microsoft Visual Studio Solution File, Format Version 12.00
# Visual Studio 15
VisualStudioVersion = 15.0.28010.2036
MinimumVisualStudioVersion = 10.0.40219.1
Project("{FAE04EC0-301F-11D3-BF4B-00C04F79EFBC}") = "LoopTask3.1", "LoopTask3.1\LoopTask3.1.csproj", "{E6D71FB6-A209-4F90-916A-6D7679B7E6FE}"
EndProject
Global
	GlobalSection(SolutionConfigurationPlatforms) = preSolution
		Debug|Any CPU = Debug|Any CPU
		Release|Any CPU = Release|Any CPU
	EndGlobalSection
	GlobalSection(ProjectConfigurationPlatforms) = postSolution
		{E6D71FB6-A209-4F90-916A-6D7679B7E6FE}.Debug|Any CPU.ActiveCfg = Debug|Any CPU
		{E6D71FB6-A209-4F90-916A-6D7679B7E6FE}.Debug|Any CPU.Build.0 = Debug|Any CPU
		{E6D71FB6-A209-4F90-916A-6D7679B7E6FE}.Release|Any CPU.ActiveCfg = Release|Any CPU
		{E6D71FB6-A209-4F90-916A-6D7679B7E6FE}.Release|Any CPU.Build.0 = Release|Any CPU
	EndGlobalSection
	GlobalSection(SolutionProperties) = preSolution
		HideSolutionNode = FALSE
	EndGlobalSection
	GlobalSection(ExtensibilityGlobals) = postSolution
		SolutionGuid = {758EDAB5-197B-4F6B-93C6-746F24989AFC}
	EndGlobalSection
EndGlobal
