
Microsoft Visual Studio Solution File, Format Version 12.00
# Visual Studio 15
VisualStudioVersion = 15.0.28010.2016
MinimumVisualStudioVersion = 10.0.40219.1
Project("{FAE04EC0-301F-11D3-BF4B-00C04F79EFBC}") = "IfTask4", "IfTask4\IfTask4.csproj", "{ED31D7CE-DE18-432D-B344-DB61E9D48F74}"
EndProject
Global
	GlobalSection(SolutionConfigurationPlatforms) = preSolution
		Debug|Any CPU = Debug|Any CPU
		Release|Any CPU = Release|Any CPU
	EndGlobalSection
	GlobalSection(ProjectConfigurationPlatforms) = postSolution
		{ED31D7CE-DE18-432D-B344-DB61E9D48F74}.Debug|Any CPU.ActiveCfg = Debug|Any CPU
		{ED31D7CE-DE18-432D-B344-DB61E9D48F74}.Debug|Any CPU.Build.0 = Debug|Any CPU
		{ED31D7CE-DE18-432D-B344-DB61E9D48F74}.Release|Any CPU.ActiveCfg = Release|Any CPU
		{ED31D7CE-DE18-432D-B344-DB61E9D48F74}.Release|Any CPU.Build.0 = Release|Any CPU
	EndGlobalSection
	GlobalSection(SolutionProperties) = preSolution
		HideSolutionNode = FALSE
	EndGlobalSection
	GlobalSection(ExtensibilityGlobals) = postSolution
		SolutionGuid = {036A8CA1-D5A4-4900-87D3-CED024585734}
	EndGlobalSection
EndGlobal
